
Microsoft Visual Studio Solution File, Format Version 12.00
# Visual Studio Version 17
VisualStudioVersion = 17.9.34616.47
MinimumVisualStudioVersion = 10.0.40219.1
Project("{FAE04EC0-301F-11D3-BF4B-00C04F79EFBC}") = "LAb25_5_2024", "LAb25_5_2024\LAb25_5_2024.csproj", "{EA8444E6-C1BD-475B-AC0C-D758E1DF7CA5}"
EndProject
Global
	GlobalSection(SolutionConfigurationPlatforms) = preSolution
		Debug|Any CPU = Debug|Any CPU
		Release|Any CPU = Release|Any CPU
	EndGlobalSection
	GlobalSection(ProjectConfigurationPlatforms) = postSolution
		{EA8444E6-C1BD-475B-AC0C-D758E1DF7CA5}.Debug|Any CPU.ActiveCfg = Debug|Any CPU
		{EA8444E6-C1BD-475B-AC0C-D758E1DF7CA5}.Debug|Any CPU.Build.0 = Debug|Any CPU
		{EA8444E6-C1BD-475B-AC0C-D758E1DF7CA5}.Release|Any CPU.ActiveCfg = Release|Any CPU
		{EA8444E6-C1BD-475B-AC0C-D758E1DF7CA5}.Release|Any CPU.Build.0 = Release|Any CPU
	EndGlobalSection
	GlobalSection(SolutionProperties) = preSolution
		HideSolutionNode = FALSE
	EndGlobalSection
	GlobalSection(ExtensibilityGlobals) = postSolution
		SolutionGuid = {926CEC2E-E06F-44A5-8F4F-57F3E6B17B3C}
	EndGlobalSection
EndGlobal
